// !$*UTF8*$!
{
	archiveVersion = 1;
	classes = {
	};
	objectVersion = 52;
	objects = {

/* Begin PBXBuildFile section */
		A12F3716229B5DEE009C44B0 /* Settings.swift in Sources */ = {isa = PBXBuildFile; fileRef = A12F3715229B5DEE009C44B0 /* Settings.swift */; };
		A1C547852221B1CB007505AA /* AppDelegate.swift in Sources */ = {isa = PBXBuildFile; fileRef = A1C547842221B1CB007505AA /* AppDelegate.swift */; };
		A1C547872221B1CB007505AA /* iPhoneMainVC.swift in Sources */ = {isa = PBXBuildFile; fileRef = A1C547862221B1CB007505AA /* iPhoneMainVC.swift */; };
		A1C5478A2221B1CB007505AA /* iPadMain.storyboard in Resources */ = {isa = PBXBuildFile; fileRef = A1C547882221B1CB007505AA /* iPadMain.storyboard */; };
		A1C5478C2221B1CD007505AA /* Assets.xcassets in Resources */ = {isa = PBXBuildFile; fileRef = A1C5478B2221B1CD007505AA /* Assets.xcassets */; };
		A1C5479A2221B1CD007505AA /* LCARS_calculatorTests.swift in Sources */ = {isa = PBXBuildFile; fileRef = A1C547992221B1CD007505AA /* LCARS_calculatorTests.swift */; };
		A1C547A52221B1CD007505AA /* LCARS_calculatorUITests.swift in Sources */ = {isa = PBXBuildFile; fileRef = A1C547A42221B1CD007505AA /* LCARS_calculatorUITests.swift */; };
		A1C7C312228F694F00BD0FC5 /* Okuda.otf in Resources */ = {isa = PBXBuildFile; fileRef = A1C7C311228F694F00BD0FC5 /* Okuda.otf */; };
		A1C7C31B228F6AAC00BD0FC5 /* unabletocomply1_ep.mp3 in Resources */ = {isa = PBXBuildFile; fileRef = A1C7C313228F6AAA00BD0FC5 /* unabletocomply1_ep.mp3 */; };
		A1C7C31E228F6AAC00BD0FC5 /* computerbeep_5.mp3 in Resources */ = {isa = PBXBuildFile; fileRef = A1C7C316228F6AAB00BD0FC5 /* computerbeep_5.mp3 */; };
		A1C7C31F228F6AAC00BD0FC5 /* consolewarning.mp3 in Resources */ = {isa = PBXBuildFile; fileRef = A1C7C317228F6AAB00BD0FC5 /* consolewarning.mp3 */; };
		A1DC555022984B9A008CD59F /* SettingsVC.swift in Sources */ = {isa = PBXBuildFile; fileRef = A1DC554F22984B9A008CD59F /* SettingsVC.swift */; };
		A1EBF5032290ADFB005C72A3 /* InfoScreenVC.swift in Sources */ = {isa = PBXBuildFile; fileRef = A1EBF5022290ADFB005C72A3 /* InfoScreenVC.swift */; };
		F432BC1524B910940039D9CC /* SizeClassExtension.swift in Sources */ = {isa = PBXBuildFile; fileRef = F432BC1424B910940039D9CC /* SizeClassExtension.swift */; };
		F45568F724C66F700026317E /* WarpCore.xib in Resources */ = {isa = PBXBuildFile; fileRef = F45568F624C66F700026317E /* WarpCore.xib */; };
		F45568FB24C670B90026317E /* WarpCore.swift in Sources */ = {isa = PBXBuildFile; fileRef = F45568FA24C670B80026317E /* WarpCore.swift */; };
		F45A608824CA1FB500CF5E56 /* OperationHistory.xib in Resources */ = {isa = PBXBuildFile; fileRef = F45A608724CA1FB500CF5E56 /* OperationHistory.xib */; };
		F45A608E24CA239B00CF5E56 /* OperationHistory.swift in Sources */ = {isa = PBXBuildFile; fileRef = F45A608D24CA239B00CF5E56 /* OperationHistory.swift */; };
		F45A8304258BF01000430CBC /* iPhoneMain.storyboard in Resources */ = {isa = PBXBuildFile; fileRef = F45A8303258BF01000430CBC /* iPhoneMain.storyboard */; };
		F45A831D258BF27800430CBC /* InfoScreen.storyboard in Resources */ = {isa = PBXBuildFile; fileRef = F45A831C258BF27800430CBC /* InfoScreen.storyboard */; };
		F45A8323258BF2DD00430CBC /* Settings.storyboard in Resources */ = {isa = PBXBuildFile; fileRef = F45A8322258BF2DD00430CBC /* Settings.storyboard */; };
		F45EABCA23B2CE7B000D692B /* LaunchScreenVC.swift in Sources */ = {isa = PBXBuildFile; fileRef = F45EABC923B2CE7B000D692B /* LaunchScreenVC.swift */; };
		F46B033F2769787F0058FFDC /* UIDevice.swift in Sources */ = {isa = PBXBuildFile; fileRef = F46B033E2769787F0058FFDC /* UIDevice.swift */; };
		F46B034627697B5D0058FFDC /* Assets.xcassets in Resources */ = {isa = PBXBuildFile; fileRef = F46B034527697B5D0058FFDC /* Assets.xcassets */; };
		F46B034C27697B5D0058FFDC /* LCARS_watch WatchKit Extension.appex in Embed App Extensions */ = {isa = PBXBuildFile; fileRef = F46B034B27697B5D0058FFDC /* LCARS_watch WatchKit Extension.appex */; settings = {ATTRIBUTES = (RemoveHeadersOnCopy, ); }; };
		F46B035127697B5D0058FFDC /* LCARS_calculatorApp.swift in Sources */ = {isa = PBXBuildFile; fileRef = F46B035027697B5D0058FFDC /* LCARS_calculatorApp.swift */; };
		F46B035327697B5D0058FFDC /* ContentView.swift in Sources */ = {isa = PBXBuildFile; fileRef = F46B035227697B5D0058FFDC /* ContentView.swift */; };
		F46B035527697B5D0058FFDC /* NotificationController.swift in Sources */ = {isa = PBXBuildFile; fileRef = F46B035427697B5D0058FFDC /* NotificationController.swift */; };
		F46B035727697B5D0058FFDC /* NotificationView.swift in Sources */ = {isa = PBXBuildFile; fileRef = F46B035627697B5D0058FFDC /* NotificationView.swift */; };
		F46B035927697B5D0058FFDC /* ComplicationController.swift in Sources */ = {isa = PBXBuildFile; fileRef = F46B035827697B5D0058FFDC /* ComplicationController.swift */; };
		F46B035B27697B5E0058FFDC /* Assets.xcassets in Resources */ = {isa = PBXBuildFile; fileRef = F46B035A27697B5E0058FFDC /* Assets.xcassets */; };
		F46B035E27697B5E0058FFDC /* Preview Assets.xcassets in Resources */ = {isa = PBXBuildFile; fileRef = F46B035D27697B5E0058FFDC /* Preview Assets.xcassets */; };
		F46B036A27697B5E0058FFDC /* LCARS_watchTests.swift in Sources */ = {isa = PBXBuildFile; fileRef = F46B036927697B5E0058FFDC /* LCARS_watchTests.swift */; };
		F46B037427697B5E0058FFDC /* LCARS_watchUITests.swift in Sources */ = {isa = PBXBuildFile; fileRef = F46B037327697B5E0058FFDC /* LCARS_watchUITests.swift */; };
		F46B037627697B5E0058FFDC /* LCARS_watchUITestsLaunchTests.swift in Sources */ = {isa = PBXBuildFile; fileRef = F46B037527697B5E0058FFDC /* LCARS_watchUITestsLaunchTests.swift */; };
		F46B037927697B5E0058FFDC /* LCARS watch.app in Embed Watch Content */ = {isa = PBXBuildFile; fileRef = F46B034327697B5B0058FFDC /* LCARS watch.app */; platformFilter = ios; settings = {ATTRIBUTES = (RemoveHeadersOnCopy, ); }; };
		F46B038D2769AC700058FFDC /* Constants.swift in Sources */ = {isa = PBXBuildFile; fileRef = F4FDED9A24B7EA6C00A0F475 /* Constants.swift */; };
		F46B038E2769ACC40058FFDC /* Okuda.otf in Resources */ = {isa = PBXBuildFile; fileRef = A1C7C311228F694F00BD0FC5 /* Okuda.otf */; };
		F46B03902769ADAA0058FFDC /* Okuda.otf in Resources */ = {isa = PBXBuildFile; fileRef = F46B038F2769ADAA0058FFDC /* Okuda.otf */; };
		F46B03912769ADAA0058FFDC /* Okuda.otf in Resources */ = {isa = PBXBuildFile; fileRef = F46B038F2769ADAA0058FFDC /* Okuda.otf */; };
		F46B03932769AFF50058FFDC /* PriceEntryView.swift in Sources */ = {isa = PBXBuildFile; fileRef = F46B03922769AFF50058FFDC /* PriceEntryView.swift */; };
		F497B104287EFC3F00CCB068 /* AnotherCalc.framework in Frameworks */ = {isa = PBXBuildFile; fileRef = F497B103287EFC3F00CCB068 /* AnotherCalc.framework */; };
		F497B105287EFC3F00CCB068 /* AnotherCalc.framework in Embed Frameworks */ = {isa = PBXBuildFile; fileRef = F497B103287EFC3F00CCB068 /* AnotherCalc.framework */; settings = {ATTRIBUTES = (CodeSignOnCopy, RemoveHeadersOnCopy, ); }; };
		F49E504E28823BB200807378 /* AnotherCalc.swift in Sources */ = {isa = PBXBuildFile; fileRef = F49E504D28823BB200807378 /* AnotherCalc.swift */; };
		F4A8E08324CBA5F4007CAED1 /* OperationHistoryCell.xib in Resources */ = {isa = PBXBuildFile; fileRef = F4A8E08224CBA5F4007CAED1 /* OperationHistoryCell.xib */; };
		F4B2CF9624C4EA1500BAD628 /* OperationHistoryCell.swift in Sources */ = {isa = PBXBuildFile; fileRef = F4B2CF9524C4EA1500BAD628 /* OperationHistoryCell.swift */; };
		F4BEBE5B258A8E4C0025D085 /* Main.storyboard in Resources */ = {isa = PBXBuildFile; fileRef = F4BEBE5A258A8E4C0025D085 /* Main.storyboard */; };
		F4BEBE63258A905F0025D085 /* iPadMainVC.swift in Sources */ = {isa = PBXBuildFile; fileRef = F4BEBE62258A905F0025D085 /* iPadMainVC.swift */; };
		F4C1DE252590F7C9003DC05E /* iPodTouchSettings.storyboard in Resources */ = {isa = PBXBuildFile; fileRef = F4C1DE242590F7C9003DC05E /* iPodTouchSettings.storyboard */; };
		F4C1DE2A2590F7E6003DC05E /* iPodTouchSettings.swift in Sources */ = {isa = PBXBuildFile; fileRef = F4C1DE292590F7E6003DC05E /* iPodTouchSettings.swift */; };
		F4CE29FA24C5116A0004D1D0 /* alert16.mp3 in Resources */ = {isa = PBXBuildFile; fileRef = F4CE29F924C5116A0004D1D0 /* alert16.mp3 */; };
		F4CE29FC24C512870004D1D0 /* computerbeep_13.mp3 in Resources */ = {isa = PBXBuildFile; fileRef = F4CE29FB24C512860004D1D0 /* computerbeep_13.mp3 */; };
		F4F7277223B29540006624CB /* United Federation of Planets Regular.ttf in Resources */ = {isa = PBXBuildFile; fileRef = F4F7277123B29540006624CB /* United Federation of Planets Regular.ttf */; };
		F4FAAD75276B92D5005A88AB /* TipSettingsView.swift in Sources */ = {isa = PBXBuildFile; fileRef = F4FAAD74276B92D5005A88AB /* TipSettingsView.swift */; };
		F4FDED9B24B7EA6C00A0F475 /* Constants.swift in Sources */ = {isa = PBXBuildFile; fileRef = F4FDED9A24B7EA6C00A0F475 /* Constants.swift */; };
/* End PBXBuildFile section */

/* Begin PBXContainerItemProxy section */
		A1C547962221B1CD007505AA /* PBXContainerItemProxy */ = {
			isa = PBXContainerItemProxy;
			containerPortal = A1C547792221B1CB007505AA /* Project object */;
			proxyType = 1;
			remoteGlobalIDString = A1C547802221B1CB007505AA;
			remoteInfo = LCARS_calculator;
		};
		A1C547A12221B1CD007505AA /* PBXContainerItemProxy */ = {
			isa = PBXContainerItemProxy;
			containerPortal = A1C547792221B1CB007505AA /* Project object */;
			proxyType = 1;
			remoteGlobalIDString = A1C547802221B1CB007505AA;
			remoteInfo = LCARS_calculator;
		};
		F46B034D27697B5D0058FFDC /* PBXContainerItemProxy */ = {
			isa = PBXContainerItemProxy;
			containerPortal = A1C547792221B1CB007505AA /* Project object */;
			proxyType = 1;
			remoteGlobalIDString = F46B034A27697B5D0058FFDC;
			remoteInfo = "LCARS_watch WatchKit Extension";
		};
		F46B036627697B5E0058FFDC /* PBXContainerItemProxy */ = {
			isa = PBXContainerItemProxy;
			containerPortal = A1C547792221B1CB007505AA /* Project object */;
			proxyType = 1;
			remoteGlobalIDString = F46B034A27697B5D0058FFDC;
			remoteInfo = "LCARS_watch WatchKit Extension";
		};
		F46B037027697B5E0058FFDC /* PBXContainerItemProxy */ = {
			isa = PBXContainerItemProxy;
			containerPortal = A1C547792221B1CB007505AA /* Project object */;
			proxyType = 1;
			remoteGlobalIDString = F46B034227697B5B0058FFDC;
			remoteInfo = LCARS_watch;
		};
		F46B037727697B5E0058FFDC /* PBXContainerItemProxy */ = {
			isa = PBXContainerItemProxy;
			containerPortal = A1C547792221B1CB007505AA /* Project object */;
			proxyType = 1;
			remoteGlobalIDString = F46B034227697B5B0058FFDC;
			remoteInfo = LCARS_watch;
		};
/* End PBXContainerItemProxy section */

/* Begin PBXCopyFilesBuildPhase section */
		F46B037D27697B5E0058FFDC /* Embed App Extensions */ = {
			isa = PBXCopyFilesBuildPhase;
			buildActionMask = 2147483647;
			dstPath = "";
			dstSubfolderSpec = 13;
			files = (
				F46B034C27697B5D0058FFDC /* LCARS_watch WatchKit Extension.appex in Embed App Extensions */,
			);
			name = "Embed App Extensions";
			runOnlyForDeploymentPostprocessing = 0;
		};
		F46B038127697B5E0058FFDC /* Embed Watch Content */ = {
			isa = PBXCopyFilesBuildPhase;
			buildActionMask = 2147483647;
			dstPath = "$(CONTENTS_FOLDER_PATH)/Watch";
			dstSubfolderSpec = 16;
			files = (
				F46B037927697B5E0058FFDC /* LCARS watch.app in Embed Watch Content */,
			);
			name = "Embed Watch Content";
			runOnlyForDeploymentPostprocessing = 0;
		};
		F497B106287EFC3F00CCB068 /* Embed Frameworks */ = {
			isa = PBXCopyFilesBuildPhase;
			buildActionMask = 2147483647;
			dstPath = "";
			dstSubfolderSpec = 10;
			files = (
				F497B105287EFC3F00CCB068 /* AnotherCalc.framework in Embed Frameworks */,
			);
			name = "Embed Frameworks";
			runOnlyForDeploymentPostprocessing = 0;
		};
/* End PBXCopyFilesBuildPhase section */

/* Begin PBXFileReference section */
		A12F3715229B5DEE009C44B0 /* Settings.swift */ = {isa = PBXFileReference; lastKnownFileType = sourcecode.swift; path = Settings.swift; sourceTree = "<group>"; };
		A1C547812221B1CB007505AA /* LCARS_calculator.app */ = {isa = PBXFileReference; explicitFileType = wrapper.application; includeInIndex = 0; path = LCARS_calculator.app; sourceTree = BUILT_PRODUCTS_DIR; };
		A1C547842221B1CB007505AA /* AppDelegate.swift */ = {isa = PBXFileReference; lastKnownFileType = sourcecode.swift; path = AppDelegate.swift; sourceTree = "<group>"; };
		A1C547862221B1CB007505AA /* iPhoneMainVC.swift */ = {isa = PBXFileReference; lastKnownFileType = sourcecode.swift; path = iPhoneMainVC.swift; sourceTree = "<group>"; };
		A1C547892221B1CB007505AA /* Base */ = {isa = PBXFileReference; lastKnownFileType = file.storyboard; name = Base; path = Base.lproj/iPadMain.storyboard; sourceTree = "<group>"; };
		A1C5478B2221B1CD007505AA /* Assets.xcassets */ = {isa = PBXFileReference; lastKnownFileType = folder.assetcatalog; path = Assets.xcassets; sourceTree = "<group>"; };
		A1C547902221B1CD007505AA /* Info.plist */ = {isa = PBXFileReference; lastKnownFileType = text.plist.xml; path = Info.plist; sourceTree = "<group>"; };
		A1C547952221B1CD007505AA /* LCARS_calculatorTests.xctest */ = {isa = PBXFileReference; explicitFileType = wrapper.cfbundle; includeInIndex = 0; path = LCARS_calculatorTests.xctest; sourceTree = BUILT_PRODUCTS_DIR; };
		A1C547992221B1CD007505AA /* LCARS_calculatorTests.swift */ = {isa = PBXFileReference; lastKnownFileType = sourcecode.swift; path = LCARS_calculatorTests.swift; sourceTree = "<group>"; };
		A1C5479B2221B1CD007505AA /* Info.plist */ = {isa = PBXFileReference; lastKnownFileType = text.plist.xml; path = Info.plist; sourceTree = "<group>"; };
		A1C547A02221B1CD007505AA /* LCARS_calculatorUITests.xctest */ = {isa = PBXFileReference; explicitFileType = wrapper.cfbundle; includeInIndex = 0; path = LCARS_calculatorUITests.xctest; sourceTree = BUILT_PRODUCTS_DIR; };
		A1C547A42221B1CD007505AA /* LCARS_calculatorUITests.swift */ = {isa = PBXFileReference; lastKnownFileType = sourcecode.swift; path = LCARS_calculatorUITests.swift; sourceTree = "<group>"; };
		A1C547A62221B1CD007505AA /* Info.plist */ = {isa = PBXFileReference; lastKnownFileType = text.plist.xml; path = Info.plist; sourceTree = "<group>"; };
		A1C7C311228F694F00BD0FC5 /* Okuda.otf */ = {isa = PBXFileReference; lastKnownFileType = file; name = Okuda.otf; path = okuda/Okuda.otf; sourceTree = "<group>"; };
		A1C7C313228F6AAA00BD0FC5 /* unabletocomply1_ep.mp3 */ = {isa = PBXFileReference; lastKnownFileType = audio.mp3; path = unabletocomply1_ep.mp3; sourceTree = "<group>"; };
		A1C7C316228F6AAB00BD0FC5 /* computerbeep_5.mp3 */ = {isa = PBXFileReference; lastKnownFileType = audio.mp3; path = computerbeep_5.mp3; sourceTree = "<group>"; };
		A1C7C317228F6AAB00BD0FC5 /* consolewarning.mp3 */ = {isa = PBXFileReference; lastKnownFileType = audio.mp3; path = consolewarning.mp3; sourceTree = "<group>"; };
		A1DC554F22984B9A008CD59F /* SettingsVC.swift */ = {isa = PBXFileReference; lastKnownFileType = sourcecode.swift; path = SettingsVC.swift; sourceTree = "<group>"; };
		A1EBF5022290ADFB005C72A3 /* InfoScreenVC.swift */ = {isa = PBXFileReference; lastKnownFileType = sourcecode.swift; path = InfoScreenVC.swift; sourceTree = "<group>"; };
		F432BC1424B910940039D9CC /* SizeClassExtension.swift */ = {isa = PBXFileReference; lastKnownFileType = sourcecode.swift; path = SizeClassExtension.swift; sourceTree = "<group>"; };
		F45568F624C66F700026317E /* WarpCore.xib */ = {isa = PBXFileReference; lastKnownFileType = file.xib; path = WarpCore.xib; sourceTree = "<group>"; };
		F45568FA24C670B80026317E /* WarpCore.swift */ = {isa = PBXFileReference; lastKnownFileType = sourcecode.swift; path = WarpCore.swift; sourceTree = "<group>"; };
		F45A608724CA1FB500CF5E56 /* OperationHistory.xib */ = {isa = PBXFileReference; lastKnownFileType = file.xib; path = OperationHistory.xib; sourceTree = "<group>"; };
		F45A608D24CA239B00CF5E56 /* OperationHistory.swift */ = {isa = PBXFileReference; fileEncoding = 4; lastKnownFileType = sourcecode.swift; path = OperationHistory.swift; sourceTree = "<group>"; };
		F45A8303258BF01000430CBC /* iPhoneMain.storyboard */ = {isa = PBXFileReference; lastKnownFileType = file.storyboard; path = iPhoneMain.storyboard; sourceTree = "<group>"; };
		F45A831C258BF27800430CBC /* InfoScreen.storyboard */ = {isa = PBXFileReference; lastKnownFileType = file.storyboard; path = InfoScreen.storyboard; sourceTree = "<group>"; };
		F45A8322258BF2DD00430CBC /* Settings.storyboard */ = {isa = PBXFileReference; lastKnownFileType = file.storyboard; path = Settings.storyboard; sourceTree = "<group>"; };
		F45EABC923B2CE7B000D692B /* LaunchScreenVC.swift */ = {isa = PBXFileReference; lastKnownFileType = sourcecode.swift; path = LaunchScreenVC.swift; sourceTree = "<group>"; };
		F46B033E2769787F0058FFDC /* UIDevice.swift */ = {isa = PBXFileReference; lastKnownFileType = sourcecode.swift; path = UIDevice.swift; sourceTree = "<group>"; };
		F46B034327697B5B0058FFDC /* LCARS watch.app */ = {isa = PBXFileReference; explicitFileType = wrapper.application; includeInIndex = 0; path = "LCARS watch.app"; sourceTree = BUILT_PRODUCTS_DIR; };
		F46B034527697B5D0058FFDC /* Assets.xcassets */ = {isa = PBXFileReference; lastKnownFileType = folder.assetcatalog; path = Assets.xcassets; sourceTree = "<group>"; };
		F46B034B27697B5D0058FFDC /* LCARS_watch WatchKit Extension.appex */ = {isa = PBXFileReference; explicitFileType = "wrapper.app-extension"; includeInIndex = 0; path = "LCARS_watch WatchKit Extension.appex"; sourceTree = BUILT_PRODUCTS_DIR; };
		F46B035027697B5D0058FFDC /* LCARS_calculatorApp.swift */ = {isa = PBXFileReference; lastKnownFileType = sourcecode.swift; path = LCARS_calculatorApp.swift; sourceTree = "<group>"; };
		F46B035227697B5D0058FFDC /* ContentView.swift */ = {isa = PBXFileReference; lastKnownFileType = sourcecode.swift; path = ContentView.swift; sourceTree = "<group>"; };
		F46B035427697B5D0058FFDC /* NotificationController.swift */ = {isa = PBXFileReference; lastKnownFileType = sourcecode.swift; path = NotificationController.swift; sourceTree = "<group>"; };
		F46B035627697B5D0058FFDC /* NotificationView.swift */ = {isa = PBXFileReference; lastKnownFileType = sourcecode.swift; path = NotificationView.swift; sourceTree = "<group>"; };
		F46B035827697B5D0058FFDC /* ComplicationController.swift */ = {isa = PBXFileReference; lastKnownFileType = sourcecode.swift; path = ComplicationController.swift; sourceTree = "<group>"; };
		F46B035A27697B5E0058FFDC /* Assets.xcassets */ = {isa = PBXFileReference; lastKnownFileType = folder.assetcatalog; path = Assets.xcassets; sourceTree = "<group>"; };
		F46B035D27697B5E0058FFDC /* Preview Assets.xcassets */ = {isa = PBXFileReference; lastKnownFileType = folder.assetcatalog; path = "Preview Assets.xcassets"; sourceTree = "<group>"; };
		F46B035F27697B5E0058FFDC /* Info.plist */ = {isa = PBXFileReference; lastKnownFileType = text.plist.xml; path = Info.plist; sourceTree = "<group>"; };
		F46B036027697B5E0058FFDC /* PushNotificationPayload.apns */ = {isa = PBXFileReference; lastKnownFileType = text; path = PushNotificationPayload.apns; sourceTree = "<group>"; };
		F46B036527697B5E0058FFDC /* LCARS_watchTests.xctest */ = {isa = PBXFileReference; explicitFileType = wrapper.cfbundle; includeInIndex = 0; path = LCARS_watchTests.xctest; sourceTree = BUILT_PRODUCTS_DIR; };
		F46B036927697B5E0058FFDC /* LCARS_watchTests.swift */ = {isa = PBXFileReference; lastKnownFileType = sourcecode.swift; path = LCARS_watchTests.swift; sourceTree = "<group>"; };
		F46B036F27697B5E0058FFDC /* LCARS_watchUITests.xctest */ = {isa = PBXFileReference; explicitFileType = wrapper.cfbundle; includeInIndex = 0; path = LCARS_watchUITests.xctest; sourceTree = BUILT_PRODUCTS_DIR; };
		F46B037327697B5E0058FFDC /* LCARS_watchUITests.swift */ = {isa = PBXFileReference; lastKnownFileType = sourcecode.swift; path = LCARS_watchUITests.swift; sourceTree = "<group>"; };
		F46B037527697B5E0058FFDC /* LCARS_watchUITestsLaunchTests.swift */ = {isa = PBXFileReference; lastKnownFileType = sourcecode.swift; path = LCARS_watchUITestsLaunchTests.swift; sourceTree = "<group>"; };
		F46B038F2769ADAA0058FFDC /* Okuda.otf */ = {isa = PBXFileReference; lastKnownFileType = file; name = Okuda.otf; path = LCARS_calculator/okuda/Okuda.otf; sourceTree = SOURCE_ROOT; };
		F46B03922769AFF50058FFDC /* PriceEntryView.swift */ = {isa = PBXFileReference; lastKnownFileType = sourcecode.swift; path = PriceEntryView.swift; sourceTree = "<group>"; };
		F497B103287EFC3F00CCB068 /* AnotherCalc.framework */ = {isa = PBXFileReference; explicitFileType = wrapper.framework; path = AnotherCalc.framework; sourceTree = BUILT_PRODUCTS_DIR; };
		F49E504D28823BB200807378 /* AnotherCalc.swift */ = {isa = PBXFileReference; lastKnownFileType = sourcecode.swift; path = AnotherCalc.swift; sourceTree = "<group>"; };
		F4A8E08224CBA5F4007CAED1 /* OperationHistoryCell.xib */ = {isa = PBXFileReference; lastKnownFileType = file.xib; path = OperationHistoryCell.xib; sourceTree = "<group>"; };
		F4B2CF9524C4EA1500BAD628 /* OperationHistoryCell.swift */ = {isa = PBXFileReference; lastKnownFileType = sourcecode.swift; path = OperationHistoryCell.swift; sourceTree = "<group>"; };
		F4BEBE5A258A8E4C0025D085 /* Main.storyboard */ = {isa = PBXFileReference; lastKnownFileType = file.storyboard; path = Main.storyboard; sourceTree = "<group>"; };
		F4BEBE62258A905F0025D085 /* iPadMainVC.swift */ = {isa = PBXFileReference; lastKnownFileType = sourcecode.swift; path = iPadMainVC.swift; sourceTree = "<group>"; };
		F4C1DE242590F7C9003DC05E /* iPodTouchSettings.storyboard */ = {isa = PBXFileReference; lastKnownFileType = file.storyboard; path = iPodTouchSettings.storyboard; sourceTree = "<group>"; };
		F4C1DE292590F7E6003DC05E /* iPodTouchSettings.swift */ = {isa = PBXFileReference; lastKnownFileType = sourcecode.swift; path = iPodTouchSettings.swift; sourceTree = "<group>"; };
		F4CE29F924C5116A0004D1D0 /* alert16.mp3 */ = {isa = PBXFileReference; lastKnownFileType = audio.mp3; path = alert16.mp3; sourceTree = "<group>"; };
		F4CE29FB24C512860004D1D0 /* computerbeep_13.mp3 */ = {isa = PBXFileReference; lastKnownFileType = audio.mp3; path = computerbeep_13.mp3; sourceTree = "<group>"; };
		F4D2611D287C69C700607293 /* LCARS_calculator.entitlements */ = {isa = PBXFileReference; lastKnownFileType = text.plist.entitlements; path = LCARS_calculator.entitlements; sourceTree = "<group>"; };
		F4DE10E32879000C007D5FCF /* SimpleCalcFramework.framework */ = {isa = PBXFileReference; explicitFileType = wrapper.framework; path = SimpleCalcFramework.framework; sourceTree = BUILT_PRODUCTS_DIR; };
		F4F7277123B29540006624CB /* United Federation of Planets Regular.ttf */ = {isa = PBXFileReference; lastKnownFileType = file; path = "United Federation of Planets Regular.ttf"; sourceTree = "<group>"; };
		F4FAAD74276B92D5005A88AB /* TipSettingsView.swift */ = {isa = PBXFileReference; lastKnownFileType = sourcecode.swift; path = TipSettingsView.swift; sourceTree = "<group>"; };
		F4FDED9A24B7EA6C00A0F475 /* Constants.swift */ = {isa = PBXFileReference; lastKnownFileType = sourcecode.swift; path = Constants.swift; sourceTree = "<group>"; };
/* End PBXFileReference section */

/* Begin PBXFrameworksBuildPhase section */
		A1C5477E2221B1CB007505AA /* Frameworks */ = {
			isa = PBXFrameworksBuildPhase;
			buildActionMask = 2147483647;
			files = (
				F497B104287EFC3F00CCB068 /* AnotherCalc.framework in Frameworks */,
			);
			runOnlyForDeploymentPostprocessing = 0;
		};
		A1C547922221B1CD007505AA /* Frameworks */ = {
			isa = PBXFrameworksBuildPhase;
			buildActionMask = 2147483647;
			files = (
			);
			runOnlyForDeploymentPostprocessing = 0;
		};
		A1C5479D2221B1CD007505AA /* Frameworks */ = {
			isa = PBXFrameworksBuildPhase;
			buildActionMask = 2147483647;
			files = (
			);
			runOnlyForDeploymentPostprocessing = 0;
		};
		F46B034827697B5D0058FFDC /* Frameworks */ = {
			isa = PBXFrameworksBuildPhase;
			buildActionMask = 2147483647;
			files = (
			);
			runOnlyForDeploymentPostprocessing = 0;
		};
		F46B036227697B5E0058FFDC /* Frameworks */ = {
			isa = PBXFrameworksBuildPhase;
			buildActionMask = 2147483647;
			files = (
			);
			runOnlyForDeploymentPostprocessing = 0;
		};
		F46B036C27697B5E0058FFDC /* Frameworks */ = {
			isa = PBXFrameworksBuildPhase;
			buildActionMask = 2147483647;
			files = (
			);
			runOnlyForDeploymentPostprocessing = 0;
		};
/* End PBXFrameworksBuildPhase section */

/* Begin PBXGroup section */
		A1C547782221B1CB007505AA = {
			isa = PBXGroup;
			children = (
				A1C547832221B1CB007505AA /* LCARS_calculator */,
				A1C547982221B1CD007505AA /* LCARS_calculatorTests */,
				A1C547A32221B1CD007505AA /* LCARS_calculatorUITests */,
				F46B034427697B5B0058FFDC /* LCARS_watch */,
				F46B034F27697B5D0058FFDC /* LCARS_watch WatchKit Extension */,
				F46B036827697B5E0058FFDC /* LCARS_watchTests */,
				F46B037227697B5E0058FFDC /* LCARS_watchUITests */,
				A1C547822221B1CB007505AA /* Products */,
				F4DE10CD2878F286007D5FCF /* Frameworks */,
			);
			sourceTree = "<group>";
		};
		A1C547822221B1CB007505AA /* Products */ = {
			isa = PBXGroup;
			children = (
				A1C547812221B1CB007505AA /* LCARS_calculator.app */,
				A1C547952221B1CD007505AA /* LCARS_calculatorTests.xctest */,
				A1C547A02221B1CD007505AA /* LCARS_calculatorUITests.xctest */,
				F46B034327697B5B0058FFDC /* LCARS watch.app */,
				F46B034B27697B5D0058FFDC /* LCARS_watch WatchKit Extension.appex */,
				F46B036527697B5E0058FFDC /* LCARS_watchTests.xctest */,
				F46B036F27697B5E0058FFDC /* LCARS_watchUITests.xctest */,
			);
			name = Products;
			sourceTree = "<group>";
		};
		A1C547832221B1CB007505AA /* LCARS_calculator */ = {
			isa = PBXGroup;
			children = (
				F4D2611D287C69C700607293 /* LCARS_calculator.entitlements */,
				F4F7277123B29540006624CB /* United Federation of Planets Regular.ttf */,
				A1C547842221B1CB007505AA /* AppDelegate.swift */,
				F45A8315258BF23A00430CBC /* Launch Screen */,
				F45A608924CA214700CF5E56 /* Warp Core */,
				F45A608C24CA218900CF5E56 /* Operation History */,
				F45A8314258BF20200430CBC /* Main Screens */,
				F4F7277323B2C7AB006624CB /* Info Screen */,
				F45A8321258BF2BC00430CBC /* Settings Screen */,
				A1C7C311228F694F00BD0FC5 /* Okuda.otf */,
				A1C5478B2221B1CD007505AA /* Assets.xcassets */,
				A1C7C323228F6ABC00BD0FC5 /* sound_effects */,
				A1C547902221B1CD007505AA /* Info.plist */,
				A12F3715229B5DEE009C44B0 /* Settings.swift */,
				F4FDED9A24B7EA6C00A0F475 /* Constants.swift */,
				F46B0340276978A00058FFDC /* Extensions */,
				F49E504D28823BB200807378 /* AnotherCalc.swift */,
			);
			path = LCARS_calculator;
			sourceTree = "<group>";
		};
		A1C547982221B1CD007505AA /* LCARS_calculatorTests */ = {
			isa = PBXGroup;
			children = (
				A1C547992221B1CD007505AA /* LCARS_calculatorTests.swift */,
				A1C5479B2221B1CD007505AA /* Info.plist */,
			);
			path = LCARS_calculatorTests;
			sourceTree = "<group>";
		};
		A1C547A32221B1CD007505AA /* LCARS_calculatorUITests */ = {
			isa = PBXGroup;
			children = (
				A1C547A42221B1CD007505AA /* LCARS_calculatorUITests.swift */,
				A1C547A62221B1CD007505AA /* Info.plist */,
			);
			path = LCARS_calculatorUITests;
			sourceTree = "<group>";
		};
		A1C7C323228F6ABC00BD0FC5 /* sound_effects */ = {
			isa = PBXGroup;
			children = (
				F4CE29F924C5116A0004D1D0 /* alert16.mp3 */,
				A1C7C316228F6AAB00BD0FC5 /* computerbeep_5.mp3 */,
				F4CE29FB24C512860004D1D0 /* computerbeep_13.mp3 */,
				A1C7C317228F6AAB00BD0FC5 /* consolewarning.mp3 */,
				A1C7C313228F6AAA00BD0FC5 /* unabletocomply1_ep.mp3 */,
			);
			path = sound_effects;
			sourceTree = "<group>";
		};
		F45A608924CA214700CF5E56 /* Warp Core */ = {
			isa = PBXGroup;
			children = (
				F45568F624C66F700026317E /* WarpCore.xib */,
				F45568FA24C670B80026317E /* WarpCore.swift */,
			);
			path = "Warp Core";
			sourceTree = "<group>";
		};
		F45A608C24CA218900CF5E56 /* Operation History */ = {
			isa = PBXGroup;
			children = (
				F45A608724CA1FB500CF5E56 /* OperationHistory.xib */,
				F45A608D24CA239B00CF5E56 /* OperationHistory.swift */,
				F4A8E08224CBA5F4007CAED1 /* OperationHistoryCell.xib */,
			);
			path = "Operation History";
			sourceTree = "<group>";
		};
		F45A8314258BF20200430CBC /* Main Screens */ = {
			isa = PBXGroup;
			children = (
				A1C547882221B1CB007505AA /* iPadMain.storyboard */,
				F45A8303258BF01000430CBC /* iPhoneMain.storyboard */,
				A1C547862221B1CB007505AA /* iPhoneMainVC.swift */,
				F4BEBE62258A905F0025D085 /* iPadMainVC.swift */,
				F4B2CF9524C4EA1500BAD628 /* OperationHistoryCell.swift */,
			);
			path = "Main Screens";
			sourceTree = "<group>";
		};
		F45A8315258BF23A00430CBC /* Launch Screen */ = {
			isa = PBXGroup;
			children = (
				F4BEBE5A258A8E4C0025D085 /* Main.storyboard */,
				F45EABC923B2CE7B000D692B /* LaunchScreenVC.swift */,
			);
			path = "Launch Screen";
			sourceTree = "<group>";
		};
		F45A8321258BF2BC00430CBC /* Settings Screen */ = {
			isa = PBXGroup;
			children = (
				F45A8322258BF2DD00430CBC /* Settings.storyboard */,
				A1DC554F22984B9A008CD59F /* SettingsVC.swift */,
				F4C1DE242590F7C9003DC05E /* iPodTouchSettings.storyboard */,
				F4C1DE292590F7E6003DC05E /* iPodTouchSettings.swift */,
			);
			path = "Settings Screen";
			sourceTree = "<group>";
		};
		F46B0340276978A00058FFDC /* Extensions */ = {
			isa = PBXGroup;
			children = (
				F432BC1424B910940039D9CC /* SizeClassExtension.swift */,
				F46B033E2769787F0058FFDC /* UIDevice.swift */,
			);
			path = Extensions;
			sourceTree = "<group>";
		};
		F46B034427697B5B0058FFDC /* LCARS_watch */ = {
			isa = PBXGroup;
			children = (
				F46B034527697B5D0058FFDC /* Assets.xcassets */,
				F46B038F2769ADAA0058FFDC /* Okuda.otf */,
			);
			path = LCARS_watch;
			sourceTree = "<group>";
		};
		F46B034F27697B5D0058FFDC /* LCARS_watch WatchKit Extension */ = {
			isa = PBXGroup;
			children = (
				F46B035027697B5D0058FFDC /* LCARS_calculatorApp.swift */,
				F46B035227697B5D0058FFDC /* ContentView.swift */,
				F46B03922769AFF50058FFDC /* PriceEntryView.swift */,
				F4FAAD74276B92D5005A88AB /* TipSettingsView.swift */,
				F46B035427697B5D0058FFDC /* NotificationController.swift */,
				F46B035627697B5D0058FFDC /* NotificationView.swift */,
				F46B035827697B5D0058FFDC /* ComplicationController.swift */,
				F46B035A27697B5E0058FFDC /* Assets.xcassets */,
				F46B035F27697B5E0058FFDC /* Info.plist */,
				F46B036027697B5E0058FFDC /* PushNotificationPayload.apns */,
				F46B035C27697B5E0058FFDC /* Preview Content */,
			);
			path = "LCARS_watch WatchKit Extension";
			sourceTree = "<group>";
		};
		F46B035C27697B5E0058FFDC /* Preview Content */ = {
			isa = PBXGroup;
			children = (
				F46B035D27697B5E0058FFDC /* Preview Assets.xcassets */,
			);
			path = "Preview Content";
			sourceTree = "<group>";
		};
		F46B036827697B5E0058FFDC /* LCARS_watchTests */ = {
			isa = PBXGroup;
			children = (
				F46B036927697B5E0058FFDC /* LCARS_watchTests.swift */,
			);
			path = LCARS_watchTests;
			sourceTree = "<group>";
		};
		F46B037227697B5E0058FFDC /* LCARS_watchUITests */ = {
			isa = PBXGroup;
			children = (
				F46B037327697B5E0058FFDC /* LCARS_watchUITests.swift */,
				F46B037527697B5E0058FFDC /* LCARS_watchUITestsLaunchTests.swift */,
			);
			path = LCARS_watchUITests;
			sourceTree = "<group>";
		};
		F4DE10CD2878F286007D5FCF /* Frameworks */ = {
			isa = PBXGroup;
			children = (
				F497B103287EFC3F00CCB068 /* AnotherCalc.framework */,
				F4DE10E32879000C007D5FCF /* SimpleCalcFramework.framework */,
			);
			name = Frameworks;
			sourceTree = "<group>";
		};
		F4F7277323B2C7AB006624CB /* Info Screen */ = {
			isa = PBXGroup;
			children = (
				F45A831C258BF27800430CBC /* InfoScreen.storyboard */,
				A1EBF5022290ADFB005C72A3 /* InfoScreenVC.swift */,
			);
			path = "Info Screen";
			sourceTree = "<group>";
		};
/* End PBXGroup section */

/* Begin PBXNativeTarget section */
		A1C547802221B1CB007505AA /* LCARS_calculator */ = {
			isa = PBXNativeTarget;
			buildConfigurationList = A1C547A92221B1CD007505AA /* Build configuration list for PBXNativeTarget "LCARS_calculator" */;
			buildPhases = (
				A1C5477D2221B1CB007505AA /* Sources */,
				A1C5477E2221B1CB007505AA /* Frameworks */,
				A1C5477F2221B1CB007505AA /* Resources */,
				F46B038127697B5E0058FFDC /* Embed Watch Content */,
				F497B106287EFC3F00CCB068 /* Embed Frameworks */,
			);
			buildRules = (
			);
			dependencies = (
				F46B037827697B5E0058FFDC /* PBXTargetDependency */,
			);
			name = LCARS_calculator;
			productName = LCARS_calculator;
			productReference = A1C547812221B1CB007505AA /* LCARS_calculator.app */;
			productType = "com.apple.product-type.application";
		};
		A1C547942221B1CD007505AA /* LCARS_calculatorTests */ = {
			isa = PBXNativeTarget;
			buildConfigurationList = A1C547AC2221B1CD007505AA /* Build configuration list for PBXNativeTarget "LCARS_calculatorTests" */;
			buildPhases = (
				A1C547912221B1CD007505AA /* Sources */,
				A1C547922221B1CD007505AA /* Frameworks */,
				A1C547932221B1CD007505AA /* Resources */,
			);
			buildRules = (
			);
			dependencies = (
				A1C547972221B1CD007505AA /* PBXTargetDependency */,
			);
			name = LCARS_calculatorTests;
			productName = LCARS_calculatorTests;
			productReference = A1C547952221B1CD007505AA /* LCARS_calculatorTests.xctest */;
			productType = "com.apple.product-type.bundle.unit-test";
		};
		A1C5479F2221B1CD007505AA /* LCARS_calculatorUITests */ = {
			isa = PBXNativeTarget;
			buildConfigurationList = A1C547AF2221B1CD007505AA /* Build configuration list for PBXNativeTarget "LCARS_calculatorUITests" */;
			buildPhases = (
				A1C5479C2221B1CD007505AA /* Sources */,
				A1C5479D2221B1CD007505AA /* Frameworks */,
				A1C5479E2221B1CD007505AA /* Resources */,
			);
			buildRules = (
			);
			dependencies = (
				A1C547A22221B1CD007505AA /* PBXTargetDependency */,
			);
			name = LCARS_calculatorUITests;
			productName = LCARS_calculatorUITests;
			productReference = A1C547A02221B1CD007505AA /* LCARS_calculatorUITests.xctest */;
			productType = "com.apple.product-type.bundle.ui-testing";
		};
		F46B034227697B5B0058FFDC /* LCARS_watch */ = {
			isa = PBXNativeTarget;
			buildConfigurationList = F46B037E27697B5E0058FFDC /* Build configuration list for PBXNativeTarget "LCARS_watch" */;
			buildPhases = (
				F46B034127697B5B0058FFDC /* Resources */,
				F46B037D27697B5E0058FFDC /* Embed App Extensions */,
			);
			buildRules = (
			);
			dependencies = (
				F46B034E27697B5D0058FFDC /* PBXTargetDependency */,
			);
			name = LCARS_watch;
			productName = LCARS_watch;
			productReference = F46B034327697B5B0058FFDC /* LCARS watch.app */;
			productType = "com.apple.product-type.application.watchapp2";
		};
		F46B034A27697B5D0058FFDC /* LCARS_watch WatchKit Extension */ = {
			isa = PBXNativeTarget;
			buildConfigurationList = F46B037A27697B5E0058FFDC /* Build configuration list for PBXNativeTarget "LCARS_watch WatchKit Extension" */;
			buildPhases = (
				F46B034727697B5D0058FFDC /* Sources */,
				F46B034827697B5D0058FFDC /* Frameworks */,
				F46B034927697B5D0058FFDC /* Resources */,
			);
			buildRules = (
			);
			dependencies = (
			);
			name = "LCARS_watch WatchKit Extension";
			productName = "LCARS_watch WatchKit Extension";
			productReference = F46B034B27697B5D0058FFDC /* LCARS_watch WatchKit Extension.appex */;
			productType = "com.apple.product-type.watchkit2-extension";
		};
		F46B036427697B5E0058FFDC /* LCARS_watchTests */ = {
			isa = PBXNativeTarget;
			buildConfigurationList = F46B038227697B5E0058FFDC /* Build configuration list for PBXNativeTarget "LCARS_watchTests" */;
			buildPhases = (
				F46B036127697B5E0058FFDC /* Sources */,
				F46B036227697B5E0058FFDC /* Frameworks */,
				F46B036327697B5E0058FFDC /* Resources */,
			);
			buildRules = (
			);
			dependencies = (
				F46B036727697B5E0058FFDC /* PBXTargetDependency */,
			);
			name = LCARS_watchTests;
			productName = LCARS_watchTests;
			productReference = F46B036527697B5E0058FFDC /* LCARS_watchTests.xctest */;
			productType = "com.apple.product-type.bundle.unit-test";
		};
		F46B036E27697B5E0058FFDC /* LCARS_watchUITests */ = {
			isa = PBXNativeTarget;
			buildConfigurationList = F46B038527697B5E0058FFDC /* Build configuration list for PBXNativeTarget "LCARS_watchUITests" */;
			buildPhases = (
				F46B036B27697B5E0058FFDC /* Sources */,
				F46B036C27697B5E0058FFDC /* Frameworks */,
				F46B036D27697B5E0058FFDC /* Resources */,
			);
			buildRules = (
			);
			dependencies = (
				F46B037127697B5E0058FFDC /* PBXTargetDependency */,
			);
			name = LCARS_watchUITests;
			productName = LCARS_watchUITests;
			productReference = F46B036F27697B5E0058FFDC /* LCARS_watchUITests.xctest */;
			productType = "com.apple.product-type.bundle.ui-testing";
		};
/* End PBXNativeTarget section */

/* Begin PBXProject section */
		A1C547792221B1CB007505AA /* Project object */ = {
			isa = PBXProject;
			attributes = {
				LastSwiftUpdateCheck = 1320;
				LastUpgradeCheck = 1010;
				ORGANIZATIONNAME = "Andrew Lewis";
				TargetAttributes = {
					A1C547802221B1CB007505AA = {
						CreatedOnToolsVersion = 10.1;
					};
					A1C547942221B1CD007505AA = {
						CreatedOnToolsVersion = 10.1;
						TestTargetID = A1C547802221B1CB007505AA;
					};
					A1C5479F2221B1CD007505AA = {
						CreatedOnToolsVersion = 10.1;
						TestTargetID = A1C547802221B1CB007505AA;
					};
					F46B034227697B5B0058FFDC = {
						CreatedOnToolsVersion = 13.2;
						LastSwiftMigration = 1340;
					};
					F46B034A27697B5D0058FFDC = {
						CreatedOnToolsVersion = 13.2;
					};
					F46B036427697B5E0058FFDC = {
						CreatedOnToolsVersion = 13.2;
						TestTargetID = F46B034A27697B5D0058FFDC;
					};
					F46B036E27697B5E0058FFDC = {
						CreatedOnToolsVersion = 13.2;
						TestTargetID = F46B034227697B5B0058FFDC;
					};
				};
			};
			buildConfigurationList = A1C5477C2221B1CB007505AA /* Build configuration list for PBXProject "LCARS_calculator" */;
			compatibilityVersion = "Xcode 9.3";
			developmentRegion = en;
			hasScannedForEncodings = 0;
			knownRegions = (
				en,
				Base,
			);
			mainGroup = A1C547782221B1CB007505AA;
			productRefGroup = A1C547822221B1CB007505AA /* Products */;
			projectDirPath = "";
			projectRoot = "";
			targets = (
				A1C547802221B1CB007505AA /* LCARS_calculator */,
				A1C547942221B1CD007505AA /* LCARS_calculatorTests */,
				A1C5479F2221B1CD007505AA /* LCARS_calculatorUITests */,
				F46B034227697B5B0058FFDC /* LCARS_watch */,
				F46B034A27697B5D0058FFDC /* LCARS_watch WatchKit Extension */,
				F46B036427697B5E0058FFDC /* LCARS_watchTests */,
				F46B036E27697B5E0058FFDC /* LCARS_watchUITests */,
			);
		};
/* End PBXProject section */

/* Begin PBXResourcesBuildPhase section */
		A1C5477F2221B1CB007505AA /* Resources */ = {
			isa = PBXResourcesBuildPhase;
			buildActionMask = 2147483647;
			files = (
				F45A8304258BF01000430CBC /* iPhoneMain.storyboard in Resources */,
				F4CE29FA24C5116A0004D1D0 /* alert16.mp3 in Resources */,
				A1C7C312228F694F00BD0FC5 /* Okuda.otf in Resources */,
				F45568F724C66F700026317E /* WarpCore.xib in Resources */,
				F4CE29FC24C512870004D1D0 /* computerbeep_13.mp3 in Resources */,
				A1C5478C2221B1CD007505AA /* Assets.xcassets in Resources */,
				A1C5478A2221B1CB007505AA /* iPadMain.storyboard in Resources */,
				A1C7C31B228F6AAC00BD0FC5 /* unabletocomply1_ep.mp3 in Resources */,
				A1C7C31F228F6AAC00BD0FC5 /* consolewarning.mp3 in Resources */,
				F4A8E08324CBA5F4007CAED1 /* OperationHistoryCell.xib in Resources */,
				F4BEBE5B258A8E4C0025D085 /* Main.storyboard in Resources */,
				F45A8323258BF2DD00430CBC /* Settings.storyboard in Resources */,
				F4C1DE252590F7C9003DC05E /* iPodTouchSettings.storyboard in Resources */,
				A1C7C31E228F6AAC00BD0FC5 /* computerbeep_5.mp3 in Resources */,
				F4F7277223B29540006624CB /* United Federation of Planets Regular.ttf in Resources */,
				F45A831D258BF27800430CBC /* InfoScreen.storyboard in Resources */,
				F45A608824CA1FB500CF5E56 /* OperationHistory.xib in Resources */,
			);
			runOnlyForDeploymentPostprocessing = 0;
		};
		A1C547932221B1CD007505AA /* Resources */ = {
			isa = PBXResourcesBuildPhase;
			buildActionMask = 2147483647;
			files = (
			);
			runOnlyForDeploymentPostprocessing = 0;
		};
		A1C5479E2221B1CD007505AA /* Resources */ = {
			isa = PBXResourcesBuildPhase;
			buildActionMask = 2147483647;
			files = (
			);
			runOnlyForDeploymentPostprocessing = 0;
		};
		F46B034127697B5B0058FFDC /* Resources */ = {
			isa = PBXResourcesBuildPhase;
			buildActionMask = 2147483647;
			files = (
				F46B03902769ADAA0058FFDC /* Okuda.otf in Resources */,
				F46B034627697B5D0058FFDC /* Assets.xcassets in Resources */,
			);
			runOnlyForDeploymentPostprocessing = 0;
		};
		F46B034927697B5D0058FFDC /* Resources */ = {
			isa = PBXResourcesBuildPhase;
			buildActionMask = 2147483647;
			files = (
				F46B03912769ADAA0058FFDC /* Okuda.otf in Resources */,
				F46B035E27697B5E0058FFDC /* Preview Assets.xcassets in Resources */,
				F46B035B27697B5E0058FFDC /* Assets.xcassets in Resources */,
				F46B038E2769ACC40058FFDC /* Okuda.otf in Resources */,
			);
			runOnlyForDeploymentPostprocessing = 0;
		};
		F46B036327697B5E0058FFDC /* Resources */ = {
			isa = PBXResourcesBuildPhase;
			buildActionMask = 2147483647;
			files = (
			);
			runOnlyForDeploymentPostprocessing = 0;
		};
		F46B036D27697B5E0058FFDC /* Resources */ = {
			isa = PBXResourcesBuildPhase;
			buildActionMask = 2147483647;
			files = (
			);
			runOnlyForDeploymentPostprocessing = 0;
		};
/* End PBXResourcesBuildPhase section */

/* Begin PBXSourcesBuildPhase section */
		A1C5477D2221B1CB007505AA /* Sources */ = {
			isa = PBXSourcesBuildPhase;
			buildActionMask = 2147483647;
			files = (
				F45568FB24C670B90026317E /* WarpCore.swift in Sources */,
				A1EBF5032290ADFB005C72A3 /* InfoScreenVC.swift in Sources */,
				F432BC1524B910940039D9CC /* SizeClassExtension.swift in Sources */,
				A1DC555022984B9A008CD59F /* SettingsVC.swift in Sources */,
				F45A608E24CA239B00CF5E56 /* OperationHistory.swift in Sources */,
				F4C1DE2A2590F7E6003DC05E /* iPodTouchSettings.swift in Sources */,
				A1C547872221B1CB007505AA /* iPhoneMainVC.swift in Sources */,
				A1C547852221B1CB007505AA /* AppDelegate.swift in Sources */,
				F4B2CF9624C4EA1500BAD628 /* OperationHistoryCell.swift in Sources */,
				F4FDED9B24B7EA6C00A0F475 /* Constants.swift in Sources */,
				A12F3716229B5DEE009C44B0 /* Settings.swift in Sources */,
				F45EABCA23B2CE7B000D692B /* LaunchScreenVC.swift in Sources */,
				F4BEBE63258A905F0025D085 /* iPadMainVC.swift in Sources */,
				F49E504E28823BB200807378 /* AnotherCalc.swift in Sources */,
				F46B033F2769787F0058FFDC /* UIDevice.swift in Sources */,
			);
			runOnlyForDeploymentPostprocessing = 0;
		};
		A1C547912221B1CD007505AA /* Sources */ = {
			isa = PBXSourcesBuildPhase;
			buildActionMask = 2147483647;
			files = (
				A1C5479A2221B1CD007505AA /* LCARS_calculatorTests.swift in Sources */,
			);
			runOnlyForDeploymentPostprocessing = 0;
		};
		A1C5479C2221B1CD007505AA /* Sources */ = {
			isa = PBXSourcesBuildPhase;
			buildActionMask = 2147483647;
			files = (
				A1C547A52221B1CD007505AA /* LCARS_calculatorUITests.swift in Sources */,
			);
			runOnlyForDeploymentPostprocessing = 0;
		};
		F46B034727697B5D0058FFDC /* Sources */ = {
			isa = PBXSourcesBuildPhase;
			buildActionMask = 2147483647;
			files = (
				F46B035527697B5D0058FFDC /* NotificationController.swift in Sources */,
				F4FAAD75276B92D5005A88AB /* TipSettingsView.swift in Sources */,
				F46B035327697B5D0058FFDC /* ContentView.swift in Sources */,
				F46B035927697B5D0058FFDC /* ComplicationController.swift in Sources */,
				F46B035127697B5D0058FFDC /* LCARS_calculatorApp.swift in Sources */,
				F46B035727697B5D0058FFDC /* NotificationView.swift in Sources */,
				F46B038D2769AC700058FFDC /* Constants.swift in Sources */,
				F46B03932769AFF50058FFDC /* PriceEntryView.swift in Sources */,
			);
			runOnlyForDeploymentPostprocessing = 0;
		};
		F46B036127697B5E0058FFDC /* Sources */ = {
			isa = PBXSourcesBuildPhase;
			buildActionMask = 2147483647;
			files = (
				F46B036A27697B5E0058FFDC /* LCARS_watchTests.swift in Sources */,
			);
			runOnlyForDeploymentPostprocessing = 0;
		};
		F46B036B27697B5E0058FFDC /* Sources */ = {
			isa = PBXSourcesBuildPhase;
			buildActionMask = 2147483647;
			files = (
				F46B037627697B5E0058FFDC /* LCARS_watchUITestsLaunchTests.swift in Sources */,
				F46B037427697B5E0058FFDC /* LCARS_watchUITests.swift in Sources */,
			);
			runOnlyForDeploymentPostprocessing = 0;
		};
/* End PBXSourcesBuildPhase section */

/* Begin PBXTargetDependency section */
		A1C547972221B1CD007505AA /* PBXTargetDependency */ = {
			isa = PBXTargetDependency;
			target = A1C547802221B1CB007505AA /* LCARS_calculator */;
			targetProxy = A1C547962221B1CD007505AA /* PBXContainerItemProxy */;
		};
		A1C547A22221B1CD007505AA /* PBXTargetDependency */ = {
			isa = PBXTargetDependency;
			target = A1C547802221B1CB007505AA /* LCARS_calculator */;
			targetProxy = A1C547A12221B1CD007505AA /* PBXContainerItemProxy */;
		};
		F46B034E27697B5D0058FFDC /* PBXTargetDependency */ = {
			isa = PBXTargetDependency;
			target = F46B034A27697B5D0058FFDC /* LCARS_watch WatchKit Extension */;
			targetProxy = F46B034D27697B5D0058FFDC /* PBXContainerItemProxy */;
		};
		F46B036727697B5E0058FFDC /* PBXTargetDependency */ = {
			isa = PBXTargetDependency;
			target = F46B034A27697B5D0058FFDC /* LCARS_watch WatchKit Extension */;
			targetProxy = F46B036627697B5E0058FFDC /* PBXContainerItemProxy */;
		};
		F46B037127697B5E0058FFDC /* PBXTargetDependency */ = {
			isa = PBXTargetDependency;
			target = F46B034227697B5B0058FFDC /* LCARS_watch */;
			targetProxy = F46B037027697B5E0058FFDC /* PBXContainerItemProxy */;
		};
		F46B037827697B5E0058FFDC /* PBXTargetDependency */ = {
			isa = PBXTargetDependency;
			platformFilter = ios;
			target = F46B034227697B5B0058FFDC /* LCARS_watch */;
			targetProxy = F46B037727697B5E0058FFDC /* PBXContainerItemProxy */;
		};
/* End PBXTargetDependency section */

/* Begin PBXVariantGroup section */
		A1C547882221B1CB007505AA /* iPadMain.storyboard */ = {
			isa = PBXVariantGroup;
			children = (
				A1C547892221B1CB007505AA /* Base */,
			);
			name = iPadMain.storyboard;
			sourceTree = "<group>";
		};
/* End PBXVariantGroup section */

/* Begin XCBuildConfiguration section */
		A1C547A72221B1CD007505AA /* Debug */ = {
			isa = XCBuildConfiguration;
			buildSettings = {
				ALWAYS_SEARCH_USER_PATHS = NO;
				CLANG_ANALYZER_NONNULL = YES;
				CLANG_ANALYZER_NUMBER_OBJECT_CONVERSION = YES_AGGRESSIVE;
				CLANG_CXX_LANGUAGE_STANDARD = "gnu++14";
				CLANG_CXX_LIBRARY = "libc++";
				CLANG_ENABLE_MODULES = YES;
				CLANG_ENABLE_OBJC_ARC = YES;
				CLANG_ENABLE_OBJC_WEAK = YES;
				CLANG_WARN_BLOCK_CAPTURE_AUTORELEASING = YES;
				CLANG_WARN_BOOL_CONVERSION = YES;
				CLANG_WARN_COMMA = YES;
				CLANG_WARN_CONSTANT_CONVERSION = YES;
				CLANG_WARN_DEPRECATED_OBJC_IMPLEMENTATIONS = YES;
				CLANG_WARN_DIRECT_OBJC_ISA_USAGE = YES_ERROR;
				CLANG_WARN_DOCUMENTATION_COMMENTS = YES;
				CLANG_WARN_EMPTY_BODY = YES;
				CLANG_WARN_ENUM_CONVERSION = YES;
				CLANG_WARN_INFINITE_RECURSION = YES;
				CLANG_WARN_INT_CONVERSION = YES;
				CLANG_WARN_NON_LITERAL_NULL_CONVERSION = YES;
				CLANG_WARN_OBJC_IMPLICIT_RETAIN_SELF = YES;
				CLANG_WARN_OBJC_LITERAL_CONVERSION = YES;
				CLANG_WARN_OBJC_ROOT_CLASS = YES_ERROR;
				CLANG_WARN_RANGE_LOOP_ANALYSIS = YES;
				CLANG_WARN_STRICT_PROTOTYPES = YES;
				CLANG_WARN_SUSPICIOUS_MOVE = YES;
				CLANG_WARN_UNGUARDED_AVAILABILITY = YES_AGGRESSIVE;
				CLANG_WARN_UNREACHABLE_CODE = YES;
				CLANG_WARN__DUPLICATE_METHOD_MATCH = YES;
				CODE_SIGN_IDENTITY = "iPhone Developer";
				COPY_PHASE_STRIP = NO;
				DEBUG_INFORMATION_FORMAT = dwarf;
				ENABLE_STRICT_OBJC_MSGSEND = YES;
				ENABLE_TESTABILITY = YES;
				GCC_C_LANGUAGE_STANDARD = gnu11;
				GCC_DYNAMIC_NO_PIC = NO;
				GCC_NO_COMMON_BLOCKS = YES;
				GCC_OPTIMIZATION_LEVEL = 0;
				GCC_PREPROCESSOR_DEFINITIONS = (
					"DEBUG=1",
					"$(inherited)",
				);
				GCC_WARN_64_TO_32_BIT_CONVERSION = YES;
				GCC_WARN_ABOUT_RETURN_TYPE = YES_ERROR;
				GCC_WARN_UNDECLARED_SELECTOR = YES;
				GCC_WARN_UNINITIALIZED_AUTOS = YES_AGGRESSIVE;
				GCC_WARN_UNUSED_FUNCTION = YES;
				GCC_WARN_UNUSED_VARIABLE = YES;
				IPHONEOS_DEPLOYMENT_TARGET = 12.1;
				MTL_ENABLE_DEBUG_INFO = INCLUDE_SOURCE;
				MTL_FAST_MATH = YES;
				ONLY_ACTIVE_ARCH = YES;
				SDKROOT = iphoneos;
				SWIFT_ACTIVE_COMPILATION_CONDITIONS = DEBUG;
				SWIFT_OPTIMIZATION_LEVEL = "-Onone";
			};
			name = Debug;
		};
		A1C547A82221B1CD007505AA /* Release */ = {
			isa = XCBuildConfiguration;
			buildSettings = {
				ALWAYS_SEARCH_USER_PATHS = NO;
				CLANG_ANALYZER_NONNULL = YES;
				CLANG_ANALYZER_NUMBER_OBJECT_CONVERSION = YES_AGGRESSIVE;
				CLANG_CXX_LANGUAGE_STANDARD = "gnu++14";
				CLANG_CXX_LIBRARY = "libc++";
				CLANG_ENABLE_MODULES = YES;
				CLANG_ENABLE_OBJC_ARC = YES;
				CLANG_ENABLE_OBJC_WEAK = YES;
				CLANG_WARN_BLOCK_CAPTURE_AUTORELEASING = YES;
				CLANG_WARN_BOOL_CONVERSION = YES;
				CLANG_WARN_COMMA = YES;
				CLANG_WARN_CONSTANT_CONVERSION = YES;
				CLANG_WARN_DEPRECATED_OBJC_IMPLEMENTATIONS = YES;
				CLANG_WARN_DIRECT_OBJC_ISA_USAGE = YES_ERROR;
				CLANG_WARN_DOCUMENTATION_COMMENTS = YES;
				CLANG_WARN_EMPTY_BODY = YES;
				CLANG_WARN_ENUM_CONVERSION = YES;
				CLANG_WARN_INFINITE_RECURSION = YES;
				CLANG_WARN_INT_CONVERSION = YES;
				CLANG_WARN_NON_LITERAL_NULL_CONVERSION = YES;
				CLANG_WARN_OBJC_IMPLICIT_RETAIN_SELF = YES;
				CLANG_WARN_OBJC_LITERAL_CONVERSION = YES;
				CLANG_WARN_OBJC_ROOT_CLASS = YES_ERROR;
				CLANG_WARN_RANGE_LOOP_ANALYSIS = YES;
				CLANG_WARN_STRICT_PROTOTYPES = YES;
				CLANG_WARN_SUSPICIOUS_MOVE = YES;
				CLANG_WARN_UNGUARDED_AVAILABILITY = YES_AGGRESSIVE;
				CLANG_WARN_UNREACHABLE_CODE = YES;
				CLANG_WARN__DUPLICATE_METHOD_MATCH = YES;
				CODE_SIGN_IDENTITY = "iPhone Developer";
				COPY_PHASE_STRIP = NO;
				DEBUG_INFORMATION_FORMAT = "dwarf-with-dsym";
				ENABLE_NS_ASSERTIONS = NO;
				ENABLE_STRICT_OBJC_MSGSEND = YES;
				GCC_C_LANGUAGE_STANDARD = gnu11;
				GCC_NO_COMMON_BLOCKS = YES;
				GCC_WARN_64_TO_32_BIT_CONVERSION = YES;
				GCC_WARN_ABOUT_RETURN_TYPE = YES_ERROR;
				GCC_WARN_UNDECLARED_SELECTOR = YES;
				GCC_WARN_UNINITIALIZED_AUTOS = YES_AGGRESSIVE;
				GCC_WARN_UNUSED_FUNCTION = YES;
				GCC_WARN_UNUSED_VARIABLE = YES;
				IPHONEOS_DEPLOYMENT_TARGET = 12.1;
				MTL_ENABLE_DEBUG_INFO = NO;
				MTL_FAST_MATH = YES;
				SDKROOT = iphoneos;
				SWIFT_COMPILATION_MODE = wholemodule;
				SWIFT_OPTIMIZATION_LEVEL = "-O";
				VALIDATE_PRODUCT = YES;
			};
			name = Release;
		};
		A1C547AA2221B1CD007505AA /* Debug */ = {
			isa = XCBuildConfiguration;
			buildSettings = {
				ASSETCATALOG_COMPILER_APPICON_NAME = AppIcon;
				ASSETCATALOG_COMPILER_LAUNCHIMAGE_NAME = LaunchImage;
				CODE_SIGN_ENTITLEMENTS = LCARS_calculator/LCARS_calculator.entitlements;
				CODE_SIGN_STYLE = Automatic;
				DEVELOPMENT_TEAM = 9PHXE6VS94;
				INFOPLIST_FILE = LCARS_calculator/Info.plist;
				IPHONEOS_DEPLOYMENT_TARGET = 14.0;
				LD_RUNPATH_SEARCH_PATHS = (
					"$(inherited)",
					"@executable_path/Frameworks",
				);
				MARKETING_VERSION = 2.0.0;
				PRODUCT_BUNDLE_IDENTIFIER = "com.ajlapps.timer.LCARS-calculator";
				PRODUCT_NAME = "$(TARGET_NAME)";
				SUPPORTS_MACCATALYST = NO;
				SWIFT_VERSION = 4.2;
				TARGETED_DEVICE_FAMILY = "1,2";
			};
			name = Debug;
		};
		A1C547AB2221B1CD007505AA /* Release */ = {
			isa = XCBuildConfiguration;
			buildSettings = {
				ASSETCATALOG_COMPILER_APPICON_NAME = AppIcon;
				ASSETCATALOG_COMPILER_LAUNCHIMAGE_NAME = LaunchImage;
				CODE_SIGN_ENTITLEMENTS = LCARS_calculator/LCARS_calculator.entitlements;
				CODE_SIGN_STYLE = Automatic;
				DEVELOPMENT_TEAM = 9PHXE6VS94;
				INFOPLIST_FILE = LCARS_calculator/Info.plist;
				IPHONEOS_DEPLOYMENT_TARGET = 14.0;
				LD_RUNPATH_SEARCH_PATHS = (
					"$(inherited)",
					"@executable_path/Frameworks",
				);
				MARKETING_VERSION = 2.0.0;
				PRODUCT_BUNDLE_IDENTIFIER = "com.ajlapps.timer.LCARS-calculator";
				PRODUCT_NAME = "$(TARGET_NAME)";
				SUPPORTS_MACCATALYST = NO;
				SWIFT_VERSION = 4.2;
				TARGETED_DEVICE_FAMILY = "1,2";
			};
			name = Release;
		};
		A1C547AD2221B1CD007505AA /* Debug */ = {
			isa = XCBuildConfiguration;
			buildSettings = {
				ALWAYS_EMBED_SWIFT_STANDARD_LIBRARIES = YES;
				BUNDLE_LOADER = "$(TEST_HOST)";
				CODE_SIGN_STYLE = Automatic;
				DEVELOPMENT_TEAM = 9PHXE6VS94;
				INFOPLIST_FILE = LCARS_calculatorTests/Info.plist;
				LD_RUNPATH_SEARCH_PATHS = (
					"$(inherited)",
					"@executable_path/Frameworks",
					"@loader_path/Frameworks",
				);
				PRODUCT_BUNDLE_IDENTIFIER = "com.ajlapps.timer.LCARS-calculatorTests";
				PRODUCT_NAME = "$(TARGET_NAME)";
				SWIFT_VERSION = 4.2;
				TARGETED_DEVICE_FAMILY = "1,2";
				TEST_HOST = "$(BUILT_PRODUCTS_DIR)/LCARS_calculator.app/LCARS_calculator";
			};
			name = Debug;
		};
		A1C547AE2221B1CD007505AA /* Release */ = {
			isa = XCBuildConfiguration;
			buildSettings = {
				ALWAYS_EMBED_SWIFT_STANDARD_LIBRARIES = YES;
				BUNDLE_LOADER = "$(TEST_HOST)";
				CODE_SIGN_STYLE = Automatic;
				DEVELOPMENT_TEAM = 9PHXE6VS94;
				INFOPLIST_FILE = LCARS_calculatorTests/Info.plist;
				LD_RUNPATH_SEARCH_PATHS = (
					"$(inherited)",
					"@executable_path/Frameworks",
					"@loader_path/Frameworks",
				);
				PRODUCT_BUNDLE_IDENTIFIER = "com.ajlapps.timer.LCARS-calculatorTests";
				PRODUCT_NAME = "$(TARGET_NAME)";
				SWIFT_VERSION = 4.2;
				TARGETED_DEVICE_FAMILY = "1,2";
				TEST_HOST = "$(BUILT_PRODUCTS_DIR)/LCARS_calculator.app/LCARS_calculator";
			};
			name = Release;
		};
		A1C547B02221B1CD007505AA /* Debug */ = {
			isa = XCBuildConfiguration;
			buildSettings = {
				ALWAYS_EMBED_SWIFT_STANDARD_LIBRARIES = YES;
				CODE_SIGN_STYLE = Automatic;
				DEVELOPMENT_TEAM = 9PHXE6VS94;
				INFOPLIST_FILE = LCARS_calculatorUITests/Info.plist;
				LD_RUNPATH_SEARCH_PATHS = (
					"$(inherited)",
					"@executable_path/Frameworks",
					"@loader_path/Frameworks",
				);
				PRODUCT_BUNDLE_IDENTIFIER = "com.ajlapps.timer.LCARS-calculatorUITests";
				PRODUCT_NAME = "$(TARGET_NAME)";
				SWIFT_VERSION = 4.2;
				TARGETED_DEVICE_FAMILY = "1,2";
				TEST_TARGET_NAME = LCARS_calculator;
			};
			name = Debug;
		};
		A1C547B12221B1CD007505AA /* Release */ = {
			isa = XCBuildConfiguration;
			buildSettings = {
				ALWAYS_EMBED_SWIFT_STANDARD_LIBRARIES = YES;
				CODE_SIGN_STYLE = Automatic;
				DEVELOPMENT_TEAM = 9PHXE6VS94;
				INFOPLIST_FILE = LCARS_calculatorUITests/Info.plist;
				LD_RUNPATH_SEARCH_PATHS = (
					"$(inherited)",
					"@executable_path/Frameworks",
					"@loader_path/Frameworks",
				);
				PRODUCT_BUNDLE_IDENTIFIER = "com.ajlapps.timer.LCARS-calculatorUITests";
				PRODUCT_NAME = "$(TARGET_NAME)";
				SWIFT_VERSION = 4.2;
				TARGETED_DEVICE_FAMILY = "1,2";
				TEST_TARGET_NAME = LCARS_calculator;
			};
			name = Release;
		};
		F46B037B27697B5E0058FFDC /* Debug */ = {
			isa = XCBuildConfiguration;
			buildSettings = {
				ASSETCATALOG_COMPILER_COMPLICATION_NAME = Complication;
				CLANG_CXX_LANGUAGE_STANDARD = "gnu++17";
				CLANG_WARN_QUOTED_INCLUDE_IN_FRAMEWORK_HEADER = YES;
				CODE_SIGN_STYLE = Automatic;
				CURRENT_PROJECT_VERSION = 1;
				DEVELOPMENT_ASSET_PATHS = "\"LCARS_watch WatchKit Extension/Preview Content\"";
				DEVELOPMENT_TEAM = 9PHXE6VS94;
				ENABLE_PREVIEWS = YES;
				GENERATE_INFOPLIST_FILE = YES;
				INFOPLIST_FILE = "LCARS_watch WatchKit Extension/Info.plist";
				INFOPLIST_KEY_CFBundleDisplayName = "LCARS_watch WatchKit Extension";
				INFOPLIST_KEY_CLKComplicationPrincipalClass = "$(PRODUCT_MODULE_NAME).ComplicationController";
				INFOPLIST_KEY_NSHumanReadableCopyright = "Copyright © 2021 Andrew Lewis. All rights reserved.";
				LD_RUNPATH_SEARCH_PATHS = (
					"$(inherited)",
					"@executable_path/Frameworks",
					"@executable_path/../../Frameworks",
				);
				MARKETING_VERSION = 1.0;
				PRODUCT_BUNDLE_IDENTIFIER = "com.ajlapps.timer.LCARS-calculator.watchkitapp.watchkitextension";
				PRODUCT_NAME = "${TARGET_NAME}";
				SDKROOT = watchos;
				SKIP_INSTALL = YES;
				SWIFT_EMIT_LOC_STRINGS = YES;
				SWIFT_VERSION = 5.0;
				TARGETED_DEVICE_FAMILY = 4;
				WATCHOS_DEPLOYMENT_TARGET = 8.3;
			};
			name = Debug;
		};
		F46B037C27697B5E0058FFDC /* Release */ = {
			isa = XCBuildConfiguration;
			buildSettings = {
				ASSETCATALOG_COMPILER_COMPLICATION_NAME = Complication;
				CLANG_CXX_LANGUAGE_STANDARD = "gnu++17";
				CLANG_WARN_QUOTED_INCLUDE_IN_FRAMEWORK_HEADER = YES;
				CODE_SIGN_STYLE = Automatic;
				CURRENT_PROJECT_VERSION = 1;
				DEVELOPMENT_ASSET_PATHS = "\"LCARS_watch WatchKit Extension/Preview Content\"";
				DEVELOPMENT_TEAM = 9PHXE6VS94;
				ENABLE_PREVIEWS = YES;
				GENERATE_INFOPLIST_FILE = YES;
				INFOPLIST_FILE = "LCARS_watch WatchKit Extension/Info.plist";
				INFOPLIST_KEY_CFBundleDisplayName = "LCARS_watch WatchKit Extension";
				INFOPLIST_KEY_CLKComplicationPrincipalClass = "$(PRODUCT_MODULE_NAME).ComplicationController";
				INFOPLIST_KEY_NSHumanReadableCopyright = "Copyright © 2021 Andrew Lewis. All rights reserved.";
				LD_RUNPATH_SEARCH_PATHS = (
					"$(inherited)",
					"@executable_path/Frameworks",
					"@executable_path/../../Frameworks",
				);
				MARKETING_VERSION = 1.0;
				PRODUCT_BUNDLE_IDENTIFIER = "com.ajlapps.timer.LCARS-calculator.watchkitapp.watchkitextension";
				PRODUCT_NAME = "${TARGET_NAME}";
				SDKROOT = watchos;
				SKIP_INSTALL = YES;
				SWIFT_EMIT_LOC_STRINGS = YES;
				SWIFT_VERSION = 5.0;
				TARGETED_DEVICE_FAMILY = 4;
				WATCHOS_DEPLOYMENT_TARGET = 8.3;
			};
			name = Release;
		};
		F46B037F27697B5E0058FFDC /* Debug */ = {
			isa = XCBuildConfiguration;
			buildSettings = {
				ALWAYS_EMBED_SWIFT_STANDARD_LIBRARIES = YES;
				ASSETCATALOG_COMPILER_APPICON_NAME = AppIcon;
				ASSETCATALOG_COMPILER_GLOBAL_ACCENT_COLOR_NAME = AccentColor;
				CLANG_CXX_LANGUAGE_STANDARD = "gnu++17";
				CLANG_ENABLE_MODULES = YES;
				CLANG_WARN_QUOTED_INCLUDE_IN_FRAMEWORK_HEADER = YES;
				CODE_SIGN_STYLE = Automatic;
				CURRENT_PROJECT_VERSION = 1;
				DEVELOPMENT_TEAM = 9PHXE6VS94;
				GENERATE_INFOPLIST_FILE = YES;
				IBSC_MODULE = LCARS_watch_WatchKit_Extension;
				INFOPLIST_KEY_UISupportedInterfaceOrientations = "UIInterfaceOrientationPortrait UIInterfaceOrientationPortraitUpsideDown";
				INFOPLIST_KEY_WKCompanionAppBundleIdentifier = "com.ajlapps.timer.LCARS-calculator";
				LD_RUNPATH_SEARCH_PATHS = (
					"$(inherited)",
					"@executable_path/../Frameworks",
					"@loader_path/../Frameworks",
				);
				MARKETING_VERSION = 1.0;
				PRODUCT_BUNDLE_IDENTIFIER = "com.ajlapps.timer.LCARS-calculator.watchkitapp";
				PRODUCT_NAME = "LCARS watch";
				SDKROOT = watchos;
				SKIP_INSTALL = YES;
				SWIFT_EMIT_LOC_STRINGS = YES;
				SWIFT_OPTIMIZATION_LEVEL = "-Onone";
				SWIFT_VERSION = 5.0;
				TARGETED_DEVICE_FAMILY = 4;
				WATCHOS_DEPLOYMENT_TARGET = 8.3;
			};
			name = Debug;
		};
		F46B038027697B5E0058FFDC /* Release */ = {
			isa = XCBuildConfiguration;
			buildSettings = {
				ALWAYS_EMBED_SWIFT_STANDARD_LIBRARIES = YES;
				ASSETCATALOG_COMPILER_APPICON_NAME = AppIcon;
				ASSETCATALOG_COMPILER_GLOBAL_ACCENT_COLOR_NAME = AccentColor;
				CLANG_CXX_LANGUAGE_STANDARD = "gnu++17";
				CLANG_ENABLE_MODULES = YES;
				CLANG_WARN_QUOTED_INCLUDE_IN_FRAMEWORK_HEADER = YES;
				CODE_SIGN_STYLE = Automatic;
				CURRENT_PROJECT_VERSION = 1;
				DEVELOPMENT_TEAM = 9PHXE6VS94;
				GENERATE_INFOPLIST_FILE = YES;
				IBSC_MODULE = LCARS_watch_WatchKit_Extension;
				INFOPLIST_KEY_UISupportedInterfaceOrientations = "UIInterfaceOrientationPortrait UIInterfaceOrientationPortraitUpsideDown";
				INFOPLIST_KEY_WKCompanionAppBundleIdentifier = "com.ajlapps.timer.LCARS-calculator";
				LD_RUNPATH_SEARCH_PATHS = (
					"$(inherited)",
					"@executable_path/../Frameworks",
					"@loader_path/../Frameworks",
				);
				MARKETING_VERSION = 1.0;
				PRODUCT_BUNDLE_IDENTIFIER = "com.ajlapps.timer.LCARS-calculator.watchkitapp";
				PRODUCT_NAME = "LCARS watch";
				SDKROOT = watchos;
				SKIP_INSTALL = YES;
				SWIFT_EMIT_LOC_STRINGS = YES;
				SWIFT_VERSION = 5.0;
				TARGETED_DEVICE_FAMILY = 4;
				WATCHOS_DEPLOYMENT_TARGET = 8.3;
			};
			name = Release;
		};
		F46B038327697B5E0058FFDC /* Debug */ = {
			isa = XCBuildConfiguration;
			buildSettings = {
				ALWAYS_EMBED_SWIFT_STANDARD_LIBRARIES = YES;
				BUNDLE_LOADER = "$(TEST_HOST)";
				CLANG_CXX_LANGUAGE_STANDARD = "gnu++17";
				CLANG_WARN_QUOTED_INCLUDE_IN_FRAMEWORK_HEADER = YES;
				CODE_SIGN_STYLE = Automatic;
				CURRENT_PROJECT_VERSION = 1;
				GENERATE_INFOPLIST_FILE = YES;
				MARKETING_VERSION = 1.0;
				PRODUCT_BUNDLE_IDENTIFIER = "com.ajlapps.timer.LCARS-calculator.LCARS-watchTests";
				PRODUCT_NAME = "$(TARGET_NAME)";
				SDKROOT = watchos;
				SWIFT_EMIT_LOC_STRINGS = NO;
				SWIFT_VERSION = 5.0;
				TARGETED_DEVICE_FAMILY = 4;
				TEST_HOST = "$(BUILT_PRODUCTS_DIR)/LCARS_watch WatchKit Extension.appex/LCARS_watch WatchKit Extension";
				WATCHOS_DEPLOYMENT_TARGET = 8.3;
			};
			name = Debug;
		};
		F46B038427697B5E0058FFDC /* Release */ = {
			isa = XCBuildConfiguration;
			buildSettings = {
				ALWAYS_EMBED_SWIFT_STANDARD_LIBRARIES = YES;
				BUNDLE_LOADER = "$(TEST_HOST)";
				CLANG_CXX_LANGUAGE_STANDARD = "gnu++17";
				CLANG_WARN_QUOTED_INCLUDE_IN_FRAMEWORK_HEADER = YES;
				CODE_SIGN_STYLE = Automatic;
				CURRENT_PROJECT_VERSION = 1;
				GENERATE_INFOPLIST_FILE = YES;
				MARKETING_VERSION = 1.0;
				PRODUCT_BUNDLE_IDENTIFIER = "com.ajlapps.timer.LCARS-calculator.LCARS-watchTests";
				PRODUCT_NAME = "$(TARGET_NAME)";
				SDKROOT = watchos;
				SWIFT_EMIT_LOC_STRINGS = NO;
				SWIFT_VERSION = 5.0;
				TARGETED_DEVICE_FAMILY = 4;
				TEST_HOST = "$(BUILT_PRODUCTS_DIR)/LCARS_watch WatchKit Extension.appex/LCARS_watch WatchKit Extension";
				WATCHOS_DEPLOYMENT_TARGET = 8.3;
			};
			name = Release;
		};
		F46B038627697B5E0058FFDC /* Debug */ = {
			isa = XCBuildConfiguration;
			buildSettings = {
				CLANG_CXX_LANGUAGE_STANDARD = "gnu++17";
				CLANG_WARN_QUOTED_INCLUDE_IN_FRAMEWORK_HEADER = YES;
				CODE_SIGN_STYLE = Automatic;
				CURRENT_PROJECT_VERSION = 1;
				DEVELOPMENT_TEAM = 9PHXE6VS94;
				GENERATE_INFOPLIST_FILE = YES;
				MARKETING_VERSION = 1.0;
				PRODUCT_BUNDLE_IDENTIFIER = "com.ajlapps.timer.LCARS-calculator.LCARS-watchUITests";
				PRODUCT_NAME = "$(TARGET_NAME)";
				SDKROOT = watchos;
				SWIFT_EMIT_LOC_STRINGS = NO;
				SWIFT_VERSION = 5.0;
				TARGETED_DEVICE_FAMILY = 4;
				TEST_TARGET_NAME = LCARS_watch;
				WATCHOS_DEPLOYMENT_TARGET = 8.3;
			};
			name = Debug;
		};
		F46B038727697B5E0058FFDC /* Release */ = {
			isa = XCBuildConfiguration;
			buildSettings = {
				CLANG_CXX_LANGUAGE_STANDARD = "gnu++17";
				CLANG_WARN_QUOTED_INCLUDE_IN_FRAMEWORK_HEADER = YES;
				CODE_SIGN_STYLE = Automatic;
				CURRENT_PROJECT_VERSION = 1;
				DEVELOPMENT_TEAM = 9PHXE6VS94;
				GENERATE_INFOPLIST_FILE = YES;
				MARKETING_VERSION = 1.0;
				PRODUCT_BUNDLE_IDENTIFIER = "com.ajlapps.timer.LCARS-calculator.LCARS-watchUITests";
				PRODUCT_NAME = "$(TARGET_NAME)";
				SDKROOT = watchos;
				SWIFT_EMIT_LOC_STRINGS = NO;
				SWIFT_VERSION = 5.0;
				TARGETED_DEVICE_FAMILY = 4;
				TEST_TARGET_NAME = LCARS_watch;
				WATCHOS_DEPLOYMENT_TARGET = 8.3;
			};
			name = Release;
		};
/* End XCBuildConfiguration section */

/* Begin XCConfigurationList section */
		A1C5477C2221B1CB007505AA /* Build configuration list for PBXProject "LCARS_calculator" */ = {
			isa = XCConfigurationList;
			buildConfigurations = (
				A1C547A72221B1CD007505AA /* Debug */,
				A1C547A82221B1CD007505AA /* Release */,
			);
			defaultConfigurationIsVisible = 0;
			defaultConfigurationName = Release;
		};
		A1C547A92221B1CD007505AA /* Build configuration list for PBXNativeTarget "LCARS_calculator" */ = {
			isa = XCConfigurationList;
			buildConfigurations = (
				A1C547AA2221B1CD007505AA /* Debug */,
				A1C547AB2221B1CD007505AA /* Release */,
			);
			defaultConfigurationIsVisible = 0;
			defaultConfigurationName = Release;
		};
		A1C547AC2221B1CD007505AA /* Build configuration list for PBXNativeTarget "LCARS_calculatorTests" */ = {
			isa = XCConfigurationList;
			buildConfigurations = (
				A1C547AD2221B1CD007505AA /* Debug */,
				A1C547AE2221B1CD007505AA /* Release */,
			);
			defaultConfigurationIsVisible = 0;
			defaultConfigurationName = Release;
		};
		A1C547AF2221B1CD007505AA /* Build configuration list for PBXNativeTarget "LCARS_calculatorUITests" */ = {
			isa = XCConfigurationList;
			buildConfigurations = (
				A1C547B02221B1CD007505AA /* Debug */,
				A1C547B12221B1CD007505AA /* Release */,
			);
			defaultConfigurationIsVisible = 0;
			defaultConfigurationName = Release;
		};
		F46B037A27697B5E0058FFDC /* Build configuration list for PBXNativeTarget "LCARS_watch WatchKit Extension" */ = {
			isa = XCConfigurationList;
			buildConfigurations = (
				F46B037B27697B5E0058FFDC /* Debug */,
				F46B037C27697B5E0058FFDC /* Release */,
			);
			defaultConfigurationIsVisible = 0;
			defaultConfigurationName = Release;
		};
		F46B037E27697B5E0058FFDC /* Build configuration list for PBXNativeTarget "LCARS_watch" */ = {
			isa = XCConfigurationList;
			buildConfigurations = (
				F46B037F27697B5E0058FFDC /* Debug */,
				F46B038027697B5E0058FFDC /* Release */,
			);
			defaultConfigurationIsVisible = 0;
			defaultConfigurationName = Release;
		};
		F46B038227697B5E0058FFDC /* Build configuration list for PBXNativeTarget "LCARS_watchTests" */ = {
			isa = XCConfigurationList;
			buildConfigurations = (
				F46B038327697B5E0058FFDC /* Debug */,
				F46B038427697B5E0058FFDC /* Release */,
			);
			defaultConfigurationIsVisible = 0;
			defaultConfigurationName = Release;
		};
		F46B038527697B5E0058FFDC /* Build configuration list for PBXNativeTarget "LCARS_watchUITests" */ = {
			isa = XCConfigurationList;
			buildConfigurations = (
				F46B038627697B5E0058FFDC /* Debug */,
				F46B038727697B5E0058FFDC /* Release */,
			);
			defaultConfigurationIsVisible = 0;
			defaultConfigurationName = Release;
		};
/* End XCConfigurationList section */
	};
	rootObject = A1C547792221B1CB007505AA /* Project object */;
}
